
Microsoft Visual Studio Solution File, Format Version 12.00
# Visual Studio Version 17
VisualStudioVersion = 17.10.34707.107
MinimumVisualStudioVersion = 10.0.40219.1
Project("{FAE04EC0-301F-11D3-BF4B-00C04F79EFBC}") = "RhythmGame", "RhythmGame.csproj", "{5DA00CE1-024B-4121-B7E0-14CDDB376E19}"
EndProject
Global
	GlobalSection(SolutionConfigurationPlatforms) = preSolution
		Debug|Any CPU = Debug|Any CPU
		Release|Any CPU = Release|Any CPU
	EndGlobalSection
	GlobalSection(ProjectConfigurationPlatforms) = postSolution
		{5DA00CE1-024B-4121-B7E0-14CDDB376E19}.Debug|Any CPU.ActiveCfg = Debug|Any CPU
		{5DA00CE1-024B-4121-B7E0-14CDDB376E19}.Debug|Any CPU.Build.0 = Debug|Any CPU
		{5DA00CE1-024B-4121-B7E0-14CDDB376E19}.Release|Any CPU.ActiveCfg = Release|Any CPU
		{5DA00CE1-024B-4121-B7E0-14CDDB376E19}.Release|Any CPU.Build.0 = Release|Any CPU
	EndGlobalSection
	GlobalSection(SolutionProperties) = preSolution
		HideSolutionNode = FALSE
	EndGlobalSection
	GlobalSection(ExtensibilityGlobals) = postSolution
		SolutionGuid = {B916169F-2616-477D-AB0B-CBCD90ABBC87}
	EndGlobalSection
EndGlobal
